// !$*UTF8*$!
{
	archiveVersion = 1;
	classes = {
	};
	objectVersion = 77;
	objects = {

/* Begin PBXContainerItemProxy section */
		CF1E2F7C2D100AF400C506E0 /* PBXContainerItemProxy */ = {
			isa = PBXContainerItemProxy;
			containerPortal = CF1E2F632D100AF200C506E0 /* Project object */;
			proxyType = 1;
			remoteGlobalIDString = CF1E2F6A2D100AF200C506E0;
			remoteInfo = LifeCostCalculator;
		};
		CF1E2F862D100AF400C506E0 /* PBXContainerItemProxy */ = {
			isa = PBXContainerItemProxy;
			containerPortal = CF1E2F632D100AF200C506E0 /* Project object */;
			proxyType = 1;
			remoteGlobalIDString = CF1E2F6A2D100AF200C506E0;
			remoteInfo = LifeCostCalculator;
		};
/* End PBXContainerItemProxy section */

/* Begin PBXFileReference section */
		CF1E2F6B2D100AF200C506E0 /* 人生コスト計算.app */ = {isa = PBXFileReference; explicitFileType = wrapper.application; includeInIndex = 0; path = "人生コスト計算.app"; sourceTree = BUILT_PRODUCTS_DIR; };
		CF1E2F7B2D100AF400C506E0 /* LifeCostCalculatorTests.xctest */ = {isa = PBXFileReference; explicitFileType = wrapper.cfbundle; includeInIndex = 0; path = LifeCostCalculatorTests.xctest; sourceTree = BUILT_PRODUCTS_DIR; };
		CF1E2F852D100AF400C506E0 /* LifeCostCalculatorUITests.xctest */ = {isa = PBXFileReference; explicitFileType = wrapper.cfbundle; includeInIndex = 0; path = LifeCostCalculatorUITests.xctest; sourceTree = BUILT_PRODUCTS_DIR; };
/* End PBXFileReference section */

/* Begin PBXFileSystemSynchronizedBuildFileExceptionSet section */
		CF1E2F9A2D100C3900C506E0 /* Exceptions for "LifeCostCalculator" folder in "人生コスト計算" target */ = {
			isa = PBXFileSystemSynchronizedBuildFileExceptionSet;
			platformFiltersByRelativePath = {
				LifeCostViewModel.swift = (ios, );
			};
			target = CF1E2F6A2D100AF200C506E0 /* 人生コスト計算 */;
		};
		CFC7E0372D101380004A4A92 /* Exceptions for "LifeCostCalculator" folder in "LifeCostCalculatorTests" target */ = {
			isa = PBXFileSystemSynchronizedBuildFileExceptionSet;
			membershipExceptions = (
				Assets.xcassets,
				LifeCostViewModel.swift,
			);
			target = CF1E2F7A2D100AF400C506E0 /* LifeCostCalculatorTests */;
		};
		CFC7E0382D101380004A4A92 /* Exceptions for "LifeCostCalculator" folder in "LifeCostCalculatorUITests" target */ = {
			isa = PBXFileSystemSynchronizedBuildFileExceptionSet;
			membershipExceptions = (
				LifeCostViewModel.swift,
			);
			target = CF1E2F842D100AF400C506E0 /* LifeCostCalculatorUITests */;
		};
/* End PBXFileSystemSynchronizedBuildFileExceptionSet section */

/* Begin PBXFileSystemSynchronizedRootGroup section */
		CF1E2F6D2D100AF200C506E0 /* LifeCostCalculator */ = {
			isa = PBXFileSystemSynchronizedRootGroup;
			exceptions = (
				CF1E2F9A2D100C3900C506E0 /* Exceptions for "LifeCostCalculator" folder in "人生コスト計算" target */,
				CFC7E0372D101380004A4A92 /* Exceptions for "LifeCostCalculator" folder in "LifeCostCalculatorTests" target */,
				CFC7E0382D101380004A4A92 /* Exceptions for "LifeCostCalculator" folder in "LifeCostCalculatorUITests" target */,
			);
			path = LifeCostCalculator;
			sourceTree = "<group>";
		};
		CF1E2F7E2D100AF400C506E0 /* LifeCostCalculatorTests */ = {
			isa = PBXFileSystemSynchronizedRootGroup;
			path = LifeCostCalculatorTests;
			sourceTree = "<group>";
			usesTabs = 0;
		};
		CF1E2F882D100AF400C506E0 /* LifeCostCalculatorUITests */ = {
			isa = PBXFileSystemSynchronizedRootGroup;
			path = LifeCostCalculatorUITests;
			sourceTree = "<group>";
		};
/* End PBXFileSystemSynchronizedRootGroup section */

/* Begin PBXFrameworksBuildPhase section */
		CF1E2F682D100AF200C506E0 /* Frameworks */ = {
			isa = PBXFrameworksBuildPhase;
			buildActionMask = 2147483647;
			files = (
			);
			runOnlyForDeploymentPostprocessing = 0;
		};
		CF1E2F782D100AF400C506E0 /* Frameworks */ = {
			isa = PBXFrameworksBuildPhase;
			buildActionMask = 2147483647;
			files = (
			);
			runOnlyForDeploymentPostprocessing = 0;
		};
		CF1E2F822D100AF400C506E0 /* Frameworks */ = {
			isa = PBXFrameworksBuildPhase;
			buildActionMask = 2147483647;
			files = (
			);
			runOnlyForDeploymentPostprocessing = 0;
		};
/* End PBXFrameworksBuildPhase section */

/* Begin PBXGroup section */
		CF1E2F622D100AF200C506E0 = {
			isa = PBXGroup;
			children = (
				CF1E2F6D2D100AF200C506E0 /* LifeCostCalculator */,
				CF1E2F7E2D100AF400C506E0 /* LifeCostCalculatorTests */,
				CF1E2F882D100AF400C506E0 /* LifeCostCalculatorUITests */,
				CF1E2F6C2D100AF200C506E0 /* Products */,
			);
			sourceTree = "<group>";
		};
		CF1E2F6C2D100AF200C506E0 /* Products */ = {
			isa = PBXGroup;
			children = (
				CF1E2F6B2D100AF200C506E0 /* 人生コスト計算.app */,
				CF1E2F7B2D100AF400C506E0 /* LifeCostCalculatorTests.xctest */,
				CF1E2F852D100AF400C506E0 /* LifeCostCalculatorUITests.xctest */,
			);
			name = Products;
			sourceTree = "<group>";
		};
/* End PBXGroup section */

/* Begin PBXNativeTarget section */
		CF1E2F6A2D100AF200C506E0 /* 人生コスト計算 */ = {
			isa = PBXNativeTarget;
			buildConfigurationList = CF1E2F8F2D100AF400C506E0 /* Build configuration list for PBXNativeTarget "人生コスト計算" */;
			buildPhases = (
				CF1E2F672D100AF200C506E0 /* Sources */,
				CF1E2F682D100AF200C506E0 /* Frameworks */,
			);
			buildRules = (
			);
			dependencies = (
			);
			fileSystemSynchronizedGroups = (
				CF1E2F6D2D100AF200C506E0 /* LifeCostCalculator */,
			);
			name = "人生コスト計算";
			packageProductDependencies = (
			);
			productName = LifeCostCalculator;
			productReference = CF1E2F6B2D100AF200C506E0 /* 人生コスト計算.app */;
			productType = "com.apple.product-type.application";
		};
		CF1E2F7A2D100AF400C506E0 /* LifeCostCalculatorTests */ = {
			isa = PBXNativeTarget;
			buildConfigurationList = CF1E2F922D100AF400C506E0 /* Build configuration list for PBXNativeTarget "LifeCostCalculatorTests" */;
			buildPhases = (
				CF1E2F772D100AF400C506E0 /* Sources */,
				CF1E2F782D100AF400C506E0 /* Frameworks */,
				CF1E2F792D100AF400C506E0 /* Resources */,
			);
			buildRules = (
			);
			dependencies = (
				CF1E2F7D2D100AF400C506E0 /* PBXTargetDependency */,
			);
			fileSystemSynchronizedGroups = (
				CF1E2F7E2D100AF400C506E0 /* LifeCostCalculatorTests */,
			);
			name = LifeCostCalculatorTests;
			packageProductDependencies = (
			);
			productName = LifeCostCalculatorTests;
			productReference = CF1E2F7B2D100AF400C506E0 /* LifeCostCalculatorTests.xctest */;
			productType = "com.apple.product-type.bundle.unit-test";
		};
		CF1E2F842D100AF400C506E0 /* LifeCostCalculatorUITests */ = {
			isa = PBXNativeTarget;
			buildConfigurationList = CF1E2F952D100AF400C506E0 /* Build configuration list for PBXNativeTarget "LifeCostCalculatorUITests" */;
			buildPhases = (
				CF1E2F812D100AF400C506E0 /* Sources */,
				CF1E2F822D100AF400C506E0 /* Frameworks */,
				CF1E2F832D100AF400C506E0 /* Resources */,
			);
			buildRules = (
			);
			dependencies = (
				CF1E2F872D100AF400C506E0 /* PBXTargetDependency */,
			);
			fileSystemSynchronizedGroups = (
				CF1E2F882D100AF400C506E0 /* LifeCostCalculatorUITests */,
			);
			name = LifeCostCalculatorUITests;
			packageProductDependencies = (
			);
			productName = LifeCostCalculatorUITests;
			productReference = CF1E2F852D100AF400C506E0 /* LifeCostCalculatorUITests.xctest */;
			productType = "com.apple.product-type.bundle.ui-testing";
		};
/* End PBXNativeTarget section */

/* Begin PBXProject section */
		CF1E2F632D100AF200C506E0 /* Project object */ = {
			isa = PBXProject;
			attributes = {
				BuildIndependentTargetsInParallel = 1;
				LastSwiftUpdateCheck = 1610;
				LastUpgradeCheck = 1610;
				TargetAttributes = {
					CF1E2F6A2D100AF200C506E0 = {
						CreatedOnToolsVersion = 16.1;
					};
					CF1E2F7A2D100AF400C506E0 = {
						CreatedOnToolsVersion = 16.1;
						TestTargetID = CF1E2F6A2D100AF200C506E0;
					};
					CF1E2F842D100AF400C506E0 = {
						CreatedOnToolsVersion = 16.1;
						TestTargetID = CF1E2F6A2D100AF200C506E0;
					};
				};
			};
			buildConfigurationList = CF1E2F662D100AF200C506E0 /* Build configuration list for PBXProject "LifeCostCalculator" */;
			developmentRegion = en;
			hasScannedForEncodings = 0;
			knownRegions = (
				en,
				Base,
			);
			mainGroup = CF1E2F622D100AF200C506E0;
			minimizedProjectReferenceProxies = 1;
			preferredProjectObjectVersion = 77;
			productRefGroup = CF1E2F6C2D100AF200C506E0 /* Products */;
			projectDirPath = "";
			projectRoot = "";
			targets = (
				CF1E2F6A2D100AF200C506E0 /* 人生コスト計算 */,
				CF1E2F7A2D100AF400C506E0 /* LifeCostCalculatorTests */,
				CF1E2F842D100AF400C506E0 /* LifeCostCalculatorUITests */,
			);
		};
/* End PBXProject section */

/* Begin PBXResourcesBuildPhase section */
		CF1E2F792D100AF400C506E0 /* Resources */ = {
			isa = PBXResourcesBuildPhase;
			buildActionMask = 2147483647;
			files = (
			);
			runOnlyForDeploymentPostprocessing = 0;
		};
		CF1E2F832D100AF400C506E0 /* Resources */ = {
			isa = PBXResourcesBuildPhase;
			buildActionMask = 2147483647;
			files = (
			);
			runOnlyForDeploymentPostprocessing = 0;
		};
/* End PBXResourcesBuildPhase section */

/* Begin PBXSourcesBuildPhase section */
		CF1E2F672D100AF200C506E0 /* Sources */ = {
			isa = PBXSourcesBuildPhase;
			buildActionMask = 2147483647;
			files = (
			);
			runOnlyForDeploymentPostprocessing = 0;
		};
		CF1E2F772D100AF400C506E0 /* Sources */ = {
			isa = PBXSourcesBuildPhase;
			buildActionMask = 2147483647;
			files = (
			);
			runOnlyForDeploymentPostprocessing = 0;
		};
		CF1E2F812D100AF400C506E0 /* Sources */ = {
			isa = PBXSourcesBuildPhase;
			buildActionMask = 2147483647;
			files = (
			);
			runOnlyForDeploymentPostprocessing = 0;
		};
/* End PBXSourcesBuildPhase section */

/* Begin PBXTargetDependency section */
		CF1E2F7D2D100AF400C506E0 /* PBXTargetDependency */ = {
			isa = PBXTargetDependency;
			target = CF1E2F6A2D100AF200C506E0 /* 人生コスト計算 */;
			targetProxy = CF1E2F7C2D100AF400C506E0 /* PBXContainerItemProxy */;
		};
		CF1E2F872D100AF400C506E0 /* PBXTargetDependency */ = {
			isa = PBXTargetDependency;
			target = CF1E2F6A2D100AF200C506E0 /* 人生コスト計算 */;
			targetProxy = CF1E2F862D100AF400C506E0 /* PBXContainerItemProxy */;
		};
/* End PBXTargetDependency section */

/* Begin XCBuildConfiguration section */
		CF1E2F8D2D100AF400C506E0 /* Debug */ = {
			isa = XCBuildConfiguration;
			buildSettings = {
				ALWAYS_SEARCH_USER_PATHS = NO;
				ASSETCATALOG_COMPILER_GENERATE_SWIFT_ASSET_SYMBOL_EXTENSIONS = YES;
				CLANG_ANALYZER_NONNULL = YES;
				CLANG_ANALYZER_NUMBER_OBJECT_CONVERSION = YES_AGGRESSIVE;
				CLANG_CXX_LANGUAGE_STANDARD = "gnu++20";
				CLANG_ENABLE_MODULES = YES;
				CLANG_ENABLE_OBJC_ARC = YES;
				CLANG_ENABLE_OBJC_WEAK = YES;
				CLANG_WARN_BLOCK_CAPTURE_AUTORELEASING = YES;
				CLANG_WARN_BOOL_CONVERSION = YES;
				CLANG_WARN_COMMA = YES;
				CLANG_WARN_CONSTANT_CONVERSION = YES;
				CLANG_WARN_DEPRECATED_OBJC_IMPLEMENTATIONS = YES;
				CLANG_WARN_DIRECT_OBJC_ISA_USAGE = YES_ERROR;
				CLANG_WARN_DOCUMENTATION_COMMENTS = YES;
				CLANG_WARN_EMPTY_BODY = YES;
				CLANG_WARN_ENUM_CONVERSION = YES;
				CLANG_WARN_INFINITE_RECURSION = YES;
				CLANG_WARN_INT_CONVERSION = YES;
				CLANG_WARN_NON_LITERAL_NULL_CONVERSION = YES;
				CLANG_WARN_OBJC_IMPLICIT_RETAIN_SELF = YES;
				CLANG_WARN_OBJC_LITERAL_CONVERSION = YES;
				CLANG_WARN_OBJC_ROOT_CLASS = YES_ERROR;
				CLANG_WARN_QUOTED_INCLUDE_IN_FRAMEWORK_HEADER = YES;
				CLANG_WARN_RANGE_LOOP_ANALYSIS = YES;
				CLANG_WARN_STRICT_PROTOTYPES = YES;
				CLANG_WARN_SUSPICIOUS_MOVE = YES;
				CLANG_WARN_UNGUARDED_AVAILABILITY = YES_AGGRESSIVE;
				CLANG_WARN_UNREACHABLE_CODE = YES;
				CLANG_WARN__DUPLICATE_METHOD_MATCH = YES;
				COPY_PHASE_STRIP = NO;
				DEBUG_INFORMATION_FORMAT = dwarf;
				ENABLE_STRICT_OBJC_MSGSEND = YES;
				ENABLE_TESTABILITY = YES;
				ENABLE_USER_SCRIPT_SANDBOXING = YES;
				GCC_C_LANGUAGE_STANDARD = gnu17;
				GCC_DYNAMIC_NO_PIC = NO;
				GCC_NO_COMMON_BLOCKS = YES;
				GCC_OPTIMIZATION_LEVEL = 0;
				GCC_PREPROCESSOR_DEFINITIONS = (
					"DEBUG=1",
					"$(inherited)",
				);
				GCC_WARN_64_TO_32_BIT_CONVERSION = YES;
				GCC_WARN_ABOUT_RETURN_TYPE = YES_ERROR;
				GCC_WARN_UNDECLARED_SELECTOR = YES;
				GCC_WARN_UNINITIALIZED_AUTOS = YES_AGGRESSIVE;
				GCC_WARN_UNUSED_FUNCTION = YES;
				GCC_WARN_UNUSED_VARIABLE = YES;
				IPHONEOS_DEPLOYMENT_TARGET = 18.1;
				LOCALIZATION_PREFERS_STRING_CATALOGS = YES;
				MTL_ENABLE_DEBUG_INFO = INCLUDE_SOURCE;
				MTL_FAST_MATH = YES;
				ONLY_ACTIVE_ARCH = YES;
				SDKROOT = iphoneos;
				SWIFT_ACTIVE_COMPILATION_CONDITIONS = "DEBUG $(inherited)";
				SWIFT_OPTIMIZATION_LEVEL = "-Onone";
			};
			name = Debug;
		};
		CF1E2F8E2D100AF400C506E0 /* Release */ = {
			isa = XCBuildConfiguration;
			buildSettings = {
				ALWAYS_SEARCH_USER_PATHS = NO;
				ASSETCATALOG_COMPILER_GENERATE_SWIFT_ASSET_SYMBOL_EXTENSIONS = YES;
				CLANG_ANALYZER_NONNULL = YES;
				CLANG_ANALYZER_NUMBER_OBJECT_CONVERSION = YES_AGGRESSIVE;
				CLANG_CXX_LANGUAGE_STANDARD = "gnu++20";
				CLANG_ENABLE_MODULES = YES;
				CLANG_ENABLE_OBJC_ARC = YES;
				CLANG_ENABLE_OBJC_WEAK = YES;
				CLANG_WARN_BLOCK_CAPTURE_AUTORELEASING = YES;
				CLANG_WARN_BOOL_CONVERSION = YES;
				CLANG_WARN_COMMA = YES;
				CLANG_WARN_CONSTANT_CONVERSION = YES;
				CLANG_WARN_DEPRECATED_OBJC_IMPLEMENTATIONS = YES;
				CLANG_WARN_DIRECT_OBJC_ISA_USAGE = YES_ERROR;
				CLANG_WARN_DOCUMENTATION_COMMENTS = YES;
				CLANG_WARN_EMPTY_BODY = YES;
				CLANG_WARN_ENUM_CONVERSION = YES;
				CLANG_WARN_INFINITE_RECURSION = YES;
				CLANG_WARN_INT_CONVERSION = YES;
				CLANG_WARN_NON_LITERAL_NULL_CONVERSION = YES;
				CLANG_WARN_OBJC_IMPLICIT_RETAIN_SELF = YES;
				CLANG_WARN_OBJC_LITERAL_CONVERSION = YES;
				CLANG_WARN_OBJC_ROOT_CLASS = YES_ERROR;
				CLANG_WARN_QUOTED_INCLUDE_IN_FRAMEWORK_HEADER = YES;
				CLANG_WARN_RANGE_LOOP_ANALYSIS = YES;
				CLANG_WARN_STRICT_PROTOTYPES = YES;
				CLANG_WARN_SUSPICIOUS_MOVE = YES;
				CLANG_WARN_UNGUARDED_AVAILABILITY = YES_AGGRESSIVE;
				CLANG_WARN_UNREACHABLE_CODE = YES;
				CLANG_WARN__DUPLICATE_METHOD_MATCH = YES;
				COPY_PHASE_STRIP = NO;
				DEBUG_INFORMATION_FORMAT = "dwarf-with-dsym";
				ENABLE_NS_ASSERTIONS = NO;
				ENABLE_STRICT_OBJC_MSGSEND = YES;
				ENABLE_USER_SCRIPT_SANDBOXING = YES;
				GCC_C_LANGUAGE_STANDARD = gnu17;
				GCC_NO_COMMON_BLOCKS = YES;
				GCC_WARN_64_TO_32_BIT_CONVERSION = YES;
				GCC_WARN_ABOUT_RETURN_TYPE = YES_ERROR;
				GCC_WARN_UNDECLARED_SELECTOR = YES;
				GCC_WARN_UNINITIALIZED_AUTOS = YES_AGGRESSIVE;
				GCC_WARN_UNUSED_FUNCTION = YES;
				GCC_WARN_UNUSED_VARIABLE = YES;
				IPHONEOS_DEPLOYMENT_TARGET = 18.1;
				LOCALIZATION_PREFERS_STRING_CATALOGS = YES;
				MTL_ENABLE_DEBUG_INFO = NO;
				MTL_FAST_MATH = YES;
				SDKROOT = iphoneos;
				SWIFT_COMPILATION_MODE = wholemodule;
				VALIDATE_PRODUCT = YES;
			};
			name = Release;
		};
		CF1E2F902D100AF400C506E0 /* Debug */ = {
			isa = XCBuildConfiguration;
			buildSettings = {
				ASSETCATALOG_COMPILER_APPICON_NAME = AppIcon;
				ASSETCATALOG_COMPILER_GLOBAL_ACCENT_COLOR_NAME = AccentColor;
				ASSETCATALOG_COMPILER_INCLUDE_ALL_APPICON_ASSETS = NO;
				CODE_SIGN_STYLE = Automatic;
				CURRENT_PROJECT_VERSION = 1;
				DEVELOPMENT_ASSET_PATHS = "\"LifeCostCalculator/Preview Content\"";
				DEVELOPMENT_TEAM = GYFX755M67;
				ENABLE_PREVIEWS = YES;
				GENERATE_INFOPLIST_FILE = YES;
				INFOPLIST_KEY_UIApplicationSceneManifest_Generation = YES;
				INFOPLIST_KEY_UIApplicationSupportsIndirectInputEvents = YES;
				INFOPLIST_KEY_UILaunchScreen_Generation = YES;
				INFOPLIST_KEY_UILaunchStoryboardName = "こねちゃん.png";
				INFOPLIST_KEY_UIStatusBarStyle = UIStatusBarStyleDarkContent;
				INFOPLIST_KEY_UISupportedInterfaceOrientations_iPad = "UIInterfaceOrientationPortrait UIInterfaceOrientationPortraitUpsideDown UIInterfaceOrientationLandscapeLeft UIInterfaceOrientationLandscapeRight";
				INFOPLIST_KEY_UISupportedInterfaceOrientations_iPhone = "UIInterfaceOrientationPortrait UIInterfaceOrientationLandscapeLeft UIInterfaceOrientationLandscapeRight";
				IPHONEOS_DEPLOYMENT_TARGET = 17.7;
				LD_RUNPATH_SEARCH_PATHS = (
					"$(inherited)",
					"@executable_path/Frameworks",
				);
				MARKETING_VERSION = 1.0;
				PRODUCT_BUNDLE_IDENTIFIER = yuchi.com.LifeCostCalculator;
				PRODUCT_NAME = "人生コスト計算";
				SUPPORTED_PLATFORMS = "iphonesimulator iphoneos";
				SWIFT_EMIT_LOC_STRINGS = YES;
				SWIFT_VERSION = 5.0;
				TARGETED_DEVICE_FAMILY = "1,2";
			};
			name = Debug;
		};
		CF1E2F912D100AF400C506E0 /* Release */ = {
			isa = XCBuildConfiguration;
			buildSettings = {
				ASSETCATALOG_COMPILER_APPICON_NAME = AppIcon;
				ASSETCATALOG_COMPILER_GLOBAL_ACCENT_COLOR_NAME = AccentColor;
				ASSETCATALOG_COMPILER_INCLUDE_ALL_APPICON_ASSETS = NO;
				CODE_SIGN_STYLE = Automatic;
				CURRENT_PROJECT_VERSION = 1;
				DEVELOPMENT_ASSET_PATHS = "\"LifeCostCalculator/Preview Content\"";
				DEVELOPMENT_TEAM = GYFX755M67;
				ENABLE_PREVIEWS = YES;
				GENERATE_INFOPLIST_FILE = YES;
				INFOPLIST_KEY_UIApplicationSceneManifest_Generation = YES;
				INFOPLIST_KEY_UIApplicationSupportsIndirectInputEvents = YES;
				INFOPLIST_KEY_UILaunchScreen_Generation = YES;
				INFOPLIST_KEY_UILaunchStoryboardName = "こねちゃん.png";
				INFOPLIST_KEY_UIStatusBarStyle = UIStatusBarStyleDarkContent;
				INFOPLIST_KEY_UISupportedInterfaceOrientations_iPad = "UIInterfaceOrientationPortrait UIInterfaceOrientationPortraitUpsideDown UIInterfaceOrientationLandscapeLeft UIInterfaceOrientationLandscapeRight";
				INFOPLIST_KEY_UISupportedInterfaceOrientations_iPhone = "UIInterfaceOrientationPortrait UIInterfaceOrientationLandscapeLeft UIInterfaceOrientationLandscapeRight";
				IPHONEOS_DEPLOYMENT_TARGET = 17.7;
				LD_RUNPATH_SEARCH_PATHS = (
					"$(inherited)",
					"@executable_path/Frameworks",
				);
				MARKETING_VERSION = 1.0;
				PRODUCT_BUNDLE_IDENTIFIER = yuchi.com.LifeCostCalculator;
				PRODUCT_NAME = "人生コスト計算";
				SUPPORTED_PLATFORMS = "iphonesimulator iphoneos";
				SWIFT_EMIT_LOC_STRINGS = YES;
				SWIFT_VERSION = 5.0;
				TARGETED_DEVICE_FAMILY = "1,2";
			};
			name = Release;
		};
		CF1E2F932D100AF400C506E0 /* Debug */ = {
			isa = XCBuildConfiguration;
			buildSettings = {
				BUNDLE_LOADER = "$(TEST_HOST)";
				CODE_SIGN_STYLE = Automatic;
				CURRENT_PROJECT_VERSION = 1;
				GENERATE_INFOPLIST_FILE = YES;
				IPHONEOS_DEPLOYMENT_TARGET = 17.7;
				MARKETING_VERSION = 1.0;
				PRODUCT_BUNDLE_IDENTIFIER = yuchi.com.LifeCostCalculatorTests;
				PRODUCT_NAME = "$(TARGET_NAME)";
				SWIFT_EMIT_LOC_STRINGS = NO;
				SWIFT_VERSION = 5.0;
				TARGETED_DEVICE_FAMILY = "1,2";
				TEST_HOST = "$(BUILT_PRODUCTS_DIR)/LifeCostCalculator.app/$(BUNDLE_EXECUTABLE_FOLDER_PATH)/LifeCostCalculator";
			};
			name = Debug;
		};
		CF1E2F942D100AF400C506E0 /* Release */ = {
			isa = XCBuildConfiguration;
			buildSettings = {
				BUNDLE_LOADER = "$(TEST_HOST)";
				CODE_SIGN_STYLE = Automatic;
				CURRENT_PROJECT_VERSION = 1;
				GENERATE_INFOPLIST_FILE = YES;
				IPHONEOS_DEPLOYMENT_TARGET = 17.7;
				MARKETING_VERSION = 1.0;
				PRODUCT_BUNDLE_IDENTIFIER = yuchi.com.LifeCostCalculatorTests;
				PRODUCT_NAME = "$(TARGET_NAME)";
				SWIFT_EMIT_LOC_STRINGS = NO;
				SWIFT_VERSION = 5.0;
				TARGETED_DEVICE_FAMILY = "1,2";
				TEST_HOST = "$(BUILT_PRODUCTS_DIR)/LifeCostCalculator.app/$(BUNDLE_EXECUTABLE_FOLDER_PATH)/LifeCostCalculator";
			};
			name = Release;
		};
		CF1E2F962D100AF400C506E0 /* Debug */ = {
			isa = XCBuildConfiguration;
			buildSettings = {
				"CODE_SIGN_IDENTITY[sdk=macosx*]" = "Apple Development";
				CODE_SIGN_STYLE = Automatic;
				CURRENT_PROJECT_VERSION = 1;
				GENERATE_INFOPLIST_FILE = YES;
				IPHONEOS_DEPLOYMENT_TARGET = 18.0;
				"IPHONEOS_DEPLOYMENT_TARGET[sdk=iphoneos*]" = 18.0;
				"IPHONEOS_DEPLOYMENT_TARGET[sdk=macosx*]" = 18.0;
				MARKETING_VERSION = 1.0;
				PRODUCT_BUNDLE_IDENTIFIER = yuchi.com.LifeCostCalculatorUITests;
				PRODUCT_NAME = "$(TARGET_NAME)";
				SWIFT_EMIT_LOC_STRINGS = NO;
				SWIFT_VERSION = 5.0;
				TARGETED_DEVICE_FAMILY = "1,2";
				TEST_TARGET_NAME = "人生コスト計算";
			};
			name = Debug;
		};
		CF1E2F972D100AF400C506E0 /* Release */ = {
			isa = XCBuildConfiguration;
			buildSettings = {
				"CODE_SIGN_IDENTITY[sdk=macosx*]" = "Apple Development";
				CODE_SIGN_STYLE = Automatic;
				CURRENT_PROJECT_VERSION = 1;
				GENERATE_INFOPLIST_FILE = YES;
				IPHONEOS_DEPLOYMENT_TARGET = 18.0;
				"IPHONEOS_DEPLOYMENT_TARGET[sdk=iphoneos*]" = 18.0;
				"IPHONEOS_DEPLOYMENT_TARGET[sdk=macosx*]" = 18.0;
				MARKETING_VERSION = 1.0;
				PRODUCT_BUNDLE_IDENTIFIER = yuchi.com.LifeCostCalculatorUITests;
				PRODUCT_NAME = "$(TARGET_NAME)";
				SWIFT_EMIT_LOC_STRINGS = NO;
				SWIFT_VERSION = 5.0;
				TARGETED_DEVICE_FAMILY = "1,2";
				TEST_TARGET_NAME = "人生コスト計算";
			};
			name = Release;
		};
/* End XCBuildConfiguration section */

/* Begin XCConfigurationList section */
		CF1E2F662D100AF200C506E0 /* Build configuration list for PBXProject "LifeCostCalculator" */ = {
			isa = XCConfigurationList;
			buildConfigurations = (
				CF1E2F8D2D100AF400C506E0 /* Debug */,
				CF1E2F8E2D100AF400C506E0 /* Release */,
			);
			defaultConfigurationIsVisible = 0;
			defaultConfigurationName = Debug;
		};
		CF1E2F8F2D100AF400C506E0 /* Build configuration list for PBXNativeTarget "人生コスト計算" */ = {
			isa = XCConfigurationList;
			buildConfigurations = (
				CF1E2F902D100AF400C506E0 /* Debug */,
				CF1E2F912D100AF400C506E0 /* Release */,
			);
			defaultConfigurationIsVisible = 0;
			defaultConfigurationName = Debug;
		};
		CF1E2F922D100AF400C506E0 /* Build configuration list for PBXNativeTarget "LifeCostCalculatorTests" */ = {
			isa = XCConfigurationList;
			buildConfigurations = (
				CF1E2F932D100AF400C506E0 /* Debug */,
				CF1E2F942D100AF400C506E0 /* Release */,
			);
			defaultConfigurationIsVisible = 0;
			defaultConfigurationName = Debug;
		};
		CF1E2F952D100AF400C506E0 /* Build configuration list for PBXNativeTarget "LifeCostCalculatorUITests" */ = {
			isa = XCConfigurationList;
			buildConfigurations = (
				CF1E2F962D100AF400C506E0 /* Debug */,
				CF1E2F972D100AF400C506E0 /* Release */,
			);
			defaultConfigurationIsVisible = 0;
			defaultConfigurationName = Debug;
		};
/* End XCConfigurationList section */
	};
	rootObject = CF1E2F632D100AF200C506E0 /* Project object */;
}
